
Microsoft Visual Studio Solution File, Format Version 12.00
# Visual Studio Version 17
VisualStudioVersion = 17.12.35707.178
MinimumVisualStudioVersion = 10.0.40219.1
Project("{FAE04EC0-301F-11D3-BF4B-00C04F79EFBC}") = "swi", "swi.csproj", "{1FE57AFC-6BBB-4769-8E8C-969AB7D7BBE3}"
EndProject
Project("{FAE04EC0-301F-11D3-BF4B-00C04F79EFBC}") = "swi.nUnitTests", "..\swi.nUnitTests\swi.nUnitTests.csproj", "{A8653C6A-3905-4946-B9A5-4E225B35EDEB}"
EndProject
Global
	GlobalSection(SolutionConfigurationPlatforms) = preSolution
		Debug|Any CPU = Debug|Any CPU
		Release|Any CPU = Release|Any CPU
	EndGlobalSection
	GlobalSection(ProjectConfigurationPlatforms) = postSolution
		{1FE57AFC-6BBB-4769-8E8C-969AB7D7BBE3}.Debug|Any CPU.ActiveCfg = Debug|Any CPU
		{1FE57AFC-6BBB-4769-8E8C-969AB7D7BBE3}.Debug|Any CPU.Build.0 = Debug|Any CPU
		{1FE57AFC-6BBB-4769-8E8C-969AB7D7BBE3}.Release|Any CPU.ActiveCfg = Release|Any CPU
		{1FE57AFC-6BBB-4769-8E8C-969AB7D7BBE3}.Release|Any CPU.Build.0 = Release|Any CPU
		{A8653C6A-3905-4946-B9A5-4E225B35EDEB}.Debug|Any CPU.ActiveCfg = Debug|Any CPU
		{A8653C6A-3905-4946-B9A5-4E225B35EDEB}.Debug|Any CPU.Build.0 = Debug|Any CPU
		{A8653C6A-3905-4946-B9A5-4E225B35EDEB}.Release|Any CPU.ActiveCfg = Release|Any CPU
		{A8653C6A-3905-4946-B9A5-4E225B35EDEB}.Release|Any CPU.Build.0 = Release|Any CPU
	EndGlobalSection
	GlobalSection(SolutionProperties) = preSolution
		HideSolutionNode = FALSE
	EndGlobalSection
EndGlobal
